// !$*UTF8*$!
{
	archiveVersion = 1;
	classes = {
	};
	objectVersion = 46;
	objects = {

/* Begin PBXBuildFile section */
		3FBDB559A5007EE8286F7CEE /* Pods.framework in Frameworks */ = {isa = PBXBuildFile; fileRef = 7B8D7C69E175F931120099A0 /* Pods.framework */; };
		F82377B11BDDE1AB0062603F /* AboutUsView.swift in Sources */ = {isa = PBXBuildFile; fileRef = F823774E1BDDE1AB0062603F /* AboutUsView.swift */; };
		F82377B21BDDE1AB0062603F /* AboutUsView.xib in Resources */ = {isa = PBXBuildFile; fileRef = F823774F1BDDE1AB0062603F /* AboutUsView.xib */; };
		F82377B31BDDE1AB0062603F /* AboutUsViewController.swift in Sources */ = {isa = PBXBuildFile; fileRef = F82377501BDDE1AB0062603F /* AboutUsViewController.swift */; };
		F82377B41BDDE1AB0062603F /* Answer.swift in Sources */ = {isa = PBXBuildFile; fileRef = F82377511BDDE1AB0062603F /* Answer.swift */; };
		F82377B51BDDE1AB0062603F /* Answer+CoreDataProperties.swift in Sources */ = {isa = PBXBuildFile; fileRef = F82377521BDDE1AB0062603F /* Answer+CoreDataProperties.swift */; };
		F82377B61BDDE1AB0062603F /* AppDelegate.swift in Sources */ = {isa = PBXBuildFile; fileRef = F82377531BDDE1AB0062603F /* AppDelegate.swift */; };
		F82377B71BDDE1AB0062603F /* AttendCourseViewController.swift in Sources */ = {isa = PBXBuildFile; fileRef = F82377541BDDE1AB0062603F /* AttendCourseViewController.swift */; };
		F82377B81BDDE1AB0062603F /* Avatar.swift in Sources */ = {isa = PBXBuildFile; fileRef = F82377551BDDE1AB0062603F /* Avatar.swift */; };
		F82377B91BDDE1AB0062603F /* Avatar+CoreDataProperties.swift in Sources */ = {isa = PBXBuildFile; fileRef = F82377561BDDE1AB0062603F /* Avatar+CoreDataProperties.swift */; };
		F82377BA1BDDE1AB0062603F /* AvatarView.swift in Sources */ = {isa = PBXBuildFile; fileRef = F82377571BDDE1AB0062603F /* AvatarView.swift */; };
		F82377BB1BDDE1AB0062603F /* AvatarView.xib in Resources */ = {isa = PBXBuildFile; fileRef = F82377581BDDE1AB0062603F /* AvatarView.xib */; };
		F82377BC1BDDE1AB0062603F /* BadgeView.swift in Sources */ = {isa = PBXBuildFile; fileRef = F82377591BDDE1AB0062603F /* BadgeView.swift */; };
		F82377BD1BDDE1AB0062603F /* BadgeView.xib in Resources */ = {isa = PBXBuildFile; fileRef = F823775A1BDDE1AB0062603F /* BadgeView.xib */; };
		F82377BE1BDDE1AB0062603F /* LaunchScreen.xib in Resources */ = {isa = PBXBuildFile; fileRef = F823775C1BDDE1AB0062603F /* LaunchScreen.xib */; };
		F82377BF1BDDE1AB0062603F /* Choice.swift in Sources */ = {isa = PBXBuildFile; fileRef = F823775E1BDDE1AB0062603F /* Choice.swift */; };
		F82377C01BDDE1AB0062603F /* Choice+CoreDataProperties.swift in Sources */ = {isa = PBXBuildFile; fileRef = F823775F1BDDE1AB0062603F /* Choice+CoreDataProperties.swift */; };
		F82377C11BDDE1AB0062603F /* ChoiceView.swift in Sources */ = {isa = PBXBuildFile; fileRef = F82377601BDDE1AB0062603F /* ChoiceView.swift */; };
		F82377C21BDDE1AB0062603F /* ChoiceView.xib in Resources */ = {isa = PBXBuildFile; fileRef = F82377611BDDE1AB0062603F /* ChoiceView.xib */; };
		F82377C31BDDE1AB0062603F /* CloudAnimateCollectionViewController.swift in Sources */ = {isa = PBXBuildFile; fileRef = F82377621BDDE1AB0062603F /* CloudAnimateCollectionViewController.swift */; };
		F82377C41BDDE1AB0062603F /* CloudAnimateTableViewController.swift in Sources */ = {isa = PBXBuildFile; fileRef = F82377631BDDE1AB0062603F /* CloudAnimateTableViewController.swift */; };
		F82377C51BDDE1AB0062603F /* ConfirmationViewController.swift in Sources */ = {isa = PBXBuildFile; fileRef = F82377641BDDE1AB0062603F /* ConfirmationViewController.swift */; };
		F82377C61BDDE1AB0062603F /* ContainerViewController.swift in Sources */ = {isa = PBXBuildFile; fileRef = F82377651BDDE1AB0062603F /* ContainerViewController.swift */; };
		F82377C71BDDE1AB0062603F /* ContentManager.swift in Sources */ = {isa = PBXBuildFile; fileRef = F82377661BDDE1AB0062603F /* ContentManager.swift */; };
		F82377C81BDDE1AB0062603F /* CoreDataManager.swift in Sources */ = {isa = PBXBuildFile; fileRef = F82377671BDDE1AB0062603F /* CoreDataManager.swift */; };
		F82377C91BDDE1AB0062603F /* Course.swift in Sources */ = {isa = PBXBuildFile; fileRef = F82377681BDDE1AB0062603F /* Course.swift */; };
		F82377CA1BDDE1AB0062603F /* Course+CoreDataProperties.swift in Sources */ = {isa = PBXBuildFile; fileRef = F82377691BDDE1AB0062603F /* Course+CoreDataProperties.swift */; };
		F82377CB1BDDE1AB0062603F /* CourseCalendarContainerViewController.swift in Sources */ = {isa = PBXBuildFile; fileRef = F823776A1BDDE1AB0062603F /* CourseCalendarContainerViewController.swift */; };
		F82377CC1BDDE1AB0062603F /* CourseCalendarViewController.swift in Sources */ = {isa = PBXBuildFile; fileRef = F823776B1BDDE1AB0062603F /* CourseCalendarViewController.swift */; };
		F82377CD1BDDE1AB0062603F /* CourseDescriptionViewController.swift in Sources */ = {isa = PBXBuildFile; fileRef = F823776C1BDDE1AB0062603F /* CourseDescriptionViewController.swift */; };
		F82377CE1BDDE1AB0062603F /* CourseOverviewController.swift in Sources */ = {isa = PBXBuildFile; fileRef = F823776D1BDDE1AB0062603F /* CourseOverviewController.swift */; };
		F82377CF1BDDE1AB0062603F /* CrossDissolveSegue.swift in Sources */ = {isa = PBXBuildFile; fileRef = F823776E1BDDE1AB0062603F /* CrossDissolveSegue.swift */; };
		F82377D01BDDE1AB0062603F /* Empty.swift in Sources */ = {isa = PBXBuildFile; fileRef = F823776F1BDDE1AB0062603F /* Empty.swift */; };
		F82377D11BDDE1AB0062603F /* FileManager.swift in Sources */ = {isa = PBXBuildFile; fileRef = F82377701BDDE1AB0062603F /* FileManager.swift */; };
		F82377D21BDDE1AB0062603F /* FunctionalExtension.swift in Sources */ = {isa = PBXBuildFile; fileRef = F82377711BDDE1AB0062603F /* FunctionalExtension.swift */; };
		F82377D31BDDE1AB0062603F /* GlobalConstants.swift in Sources */ = {isa = PBXBuildFile; fileRef = F82377721BDDE1AB0062603F /* GlobalConstants.swift */; };
		F82377D41BDDE1AB0062603F /* Group.swift in Sources */ = {isa = PBXBuildFile; fileRef = F82377731BDDE1AB0062603F /* Group.swift */; };
		F82377D51BDDE1AB0062603F /* Group+CoreDataProperties.swift in Sources */ = {isa = PBXBuildFile; fileRef = F82377741BDDE1AB0062603F /* Group+CoreDataProperties.swift */; };
		F82377D61BDDE1AB0062603F /* GroupViewController.swift in Sources */ = {isa = PBXBuildFile; fileRef = F82377751BDDE1AB0062603F /* GroupViewController.swift */; };
		F82377D71BDDE1AB0062603F /* Images.xcassets in Resources */ = {isa = PBXBuildFile; fileRef = F82377761BDDE1AB0062603F /* Images.xcassets */; };
		F82377D81BDDE1AB0062603F /* IndexViewController.swift in Sources */ = {isa = PBXBuildFile; fileRef = F82377771BDDE1AB0062603F /* IndexViewController.swift */; };
		F82377DA1BDDE1AC0062603F /* InvitationContainerViewController.swift in Sources */ = {isa = PBXBuildFile; fileRef = F82377791BDDE1AB0062603F /* InvitationContainerViewController.swift */; };
		F82377DB1BDDE1AC0062603F /* InvitationPageViewController.swift in Sources */ = {isa = PBXBuildFile; fileRef = F823777A1BDDE1AB0062603F /* InvitationPageViewController.swift */; };
		F82377DC1BDDE1AC0062603F /* LectureTime.swift in Sources */ = {isa = PBXBuildFile; fileRef = F823777B1BDDE1AB0062603F /* LectureTime.swift */; };
		F82377DD1BDDE1AC0062603F /* LectureTime+CoreDataProperties.swift in Sources */ = {isa = PBXBuildFile; fileRef = F823777C1BDDE1AB0062603F /* LectureTime+CoreDataProperties.swift */; };
		F82377DE1BDDE1AC0062603F /* Log.swift in Sources */ = {isa = PBXBuildFile; fileRef = F823777D1BDDE1AB0062603F /* Log.swift */; };
		F82377DF1BDDE1AC0062603F /* LoginContainerViewController.swift in Sources */ = {isa = PBXBuildFile; fileRef = F823777E1BDDE1AB0062603F /* LoginContainerViewController.swift */; };
		F82377E01BDDE1AC0062603F /* LoginPanelViewController.swift in Sources */ = {isa = PBXBuildFile; fileRef = F823777F1BDDE1AB0062603F /* LoginPanelViewController.swift */; };
		F82377E11BDDE1AC0062603F /* LoginViewController.swift in Sources */ = {isa = PBXBuildFile; fileRef = F82377801BDDE1AB0062603F /* LoginViewController.swift */; };
		F82377E21BDDE1AC0062603F /* Main.storyboard in Resources */ = {isa = PBXBuildFile; fileRef = F82377811BDDE1AB0062603F /* Main.storyboard */; };
		F82377E31BDDE1AC0062603F /* MainHomeViewController.swift in Sources */ = {isa = PBXBuildFile; fileRef = F82377821BDDE1AB0062603F /* MainHomeViewController.swift */; };
		F82377E41BDDE1AC0062603F /* Member.swift in Sources */ = {isa = PBXBuildFile; fileRef = F82377831BDDE1AB0062603F /* Member.swift */; };
		F82377E51BDDE1AC0062603F /* Member+CoreDataProperties.swift in Sources */ = {isa = PBXBuildFile; fileRef = F82377841BDDE1AB0062603F /* Member+CoreDataProperties.swift */; };
		F82377E61BDDE1AC0062603F /* NavigationController.swift in Sources */ = {isa = PBXBuildFile; fileRef = F82377851BDDE1AB0062603F /* NavigationController.swift */; };
		F82377E71BDDE1AC0062603F /* NetworkManager.swift in Sources */ = {isa = PBXBuildFile; fileRef = F82377861BDDE1AB0062603F /* NetworkManager.swift */; };
		F82377E81BDDE1AC0062603F /* Option.swift in Sources */ = {isa = PBXBuildFile; fileRef = F82377871BDDE1AB0062603F /* Option.swift */; };
		F82377E91BDDE1AC0062603F /* Option+CoreDataProperties.swift in Sources */ = {isa = PBXBuildFile; fileRef = F82377881BDDE1AB0062603F /* Option+CoreDataProperties.swift */; };
		F82377EA1BDDE1AC0062603F /* PercentageView.swift in Sources */ = {isa = PBXBuildFile; fileRef = F82377891BDDE1AB0062603F /* PercentageView.swift */; };
		F82377EB1BDDE1AC0062603F /* PreferenceViewController.swift in Sources */ = {isa = PBXBuildFile; fileRef = F823778A1BDDE1AB0062603F /* PreferenceViewController.swift */; };
		F82377EC1BDDE1AC0062603F /* Problem.swift in Sources */ = {isa = PBXBuildFile; fileRef = F823778B1BDDE1AB0062603F /* Problem.swift */; };
		F82377ED1BDDE1AC0062603F /* Problem+CoreDataProperties.swift in Sources */ = {isa = PBXBuildFile; fileRef = F823778C1BDDE1AB0062603F /* Problem+CoreDataProperties.swift */; };
		F82377EE1BDDE1AC0062603F /* ProblemViewController.swift in Sources */ = {isa = PBXBuildFile; fileRef = F823778D1BDDE1AB0062603F /* ProblemViewController.swift */; };
		F82377EF1BDDE1AC0062603F /* Project.swift in Sources */ = {isa = PBXBuildFile; fileRef = F823778E1BDDE1AB0062603F /* Project.swift */; };
		F82377F01BDDE1AC0062603F /* Project+CoreDataProperties.swift in Sources */ = {isa = PBXBuildFile; fileRef = F823778F1BDDE1AB0062603F /* Project+CoreDataProperties.swift */; };
		F82377F11BDDE1AC0062603F /* ProjectContainerViewController.swift in Sources */ = {isa = PBXBuildFile; fileRef = F82377901BDDE1AB0062603F /* ProjectContainerViewController.swift */; };
		F82377F21BDDE1AC0062603F /* ProjectSwitcherViewController.swift in Sources */ = {isa = PBXBuildFile; fileRef = F82377911BDDE1AB0062603F /* ProjectSwitcherViewController.swift */; };
		F82377F31BDDE1AC0062603F /* ProjectViewController.swift in Sources */ = {isa = PBXBuildFile; fileRef = F82377921BDDE1AB0062603F /* ProjectViewController.swift */; };
		F82377F41BDDE1AC0062603F /* Question.swift in Sources */ = {isa = PBXBuildFile; fileRef = F82377931BDDE1AB0062603F /* Question.swift */; };
		F82377F51BDDE1AC0062603F /* Question+CoreDataProperties.swift in Sources */ = {isa = PBXBuildFile; fileRef = F82377941BDDE1AB0062603F /* Question+CoreDataProperties.swift */; };
		F82377F61BDDE1AC0062603F /* QuestionContainerViewController.swift in Sources */ = {isa = PBXBuildFile; fileRef = F82377951BDDE1AB0062603F /* QuestionContainerViewController.swift */; };
		F82377F71BDDE1AC0062603F /* QuestionPageViewController.swift in Sources */ = {isa = PBXBuildFile; fileRef = F82377961BDDE1AB0062603F /* QuestionPageViewController.swift */; };
		F82377F81BDDE1AC0062603F /* QuestionViewController.swift in Sources */ = {isa = PBXBuildFile; fileRef = F82377971BDDE1AB0062603F /* QuestionViewController.swift */; };
		F82377F91BDDE1AC0062603F /* Quiz.swift in Sources */ = {isa = PBXBuildFile; fileRef = F82377981BDDE1AB0062603F /* Quiz.swift */; };
		F82377FA1BDDE1AC0062603F /* Quiz+CoreDataProperties.swift in Sources */ = {isa = PBXBuildFile; fileRef = F82377991BDDE1AB0062603F /* Quiz+CoreDataProperties.swift */; };
		F82377FB1BDDE1AC0062603F /* QuizViewController.swift in Sources */ = {isa = PBXBuildFile; fileRef = F823779A1BDDE1AB0062603F /* QuizViewController.swift */; };
		F82377FC1BDDE1AC0062603F /* RefreshContents.swift in Sources */ = {isa = PBXBuildFile; fileRef = F823779B1BDDE1AB0062603F /* RefreshContents.swift */; };
		F82377FD1BDDE1AC0062603F /* RefreshContents.xib in Resources */ = {isa = PBXBuildFile; fileRef = F823779C1BDDE1AB0062603F /* RefreshContents.xib */; };
		F82377FE1BDDE1AC0062603F /* SidePanelViewController.swift in Sources */ = {isa = PBXBuildFile; fileRef = F823779D1BDDE1AB0062603F /* SidePanelViewController.swift */; };
		F82378011BDDE1AC0062603F /* Splash0ViewController.swift in Sources */ = {isa = PBXBuildFile; fileRef = F82377A21BDDE1AB0062603F /* Splash0ViewController.swift */; };
		F82378021BDDE1AC0062603F /* Splash1ViewController.swift in Sources */ = {isa = PBXBuildFile; fileRef = F82377A31BDDE1AB0062603F /* Splash1ViewController.swift */; };
		F82378031BDDE1AC0062603F /* Splash2ViewController.swift in Sources */ = {isa = PBXBuildFile; fileRef = F82377A41BDDE1AB0062603F /* Splash2ViewController.swift */; };
		F82378041BDDE1AC0062603F /* Splash3ViewController.swift in Sources */ = {isa = PBXBuildFile; fileRef = F82377A51BDDE1AB0062603F /* Splash3ViewController.swift */; };
		F82378051BDDE1AC0062603F /* SplashViewController.swift in Sources */ = {isa = PBXBuildFile; fileRef = F82377A61BDDE1AB0062603F /* SplashViewController.swift */; };
		F82378061BDDE1AC0062603F /* SwitcherViewController.swift in Sources */ = {isa = PBXBuildFile; fileRef = F82377A71BDDE1AB0062603F /* SwitcherViewController.swift */; };
		F82378071BDDE1AC0062603F /* TabBarController.swift in Sources */ = {isa = PBXBuildFile; fileRef = F82377A81BDDE1AB0062603F /* TabBarController.swift */; };
		F82378081BDDE1AC0062603F /* TeacherNames.swift in Sources */ = {isa = PBXBuildFile; fileRef = F82377A91BDDE1AB0062603F /* TeacherNames.swift */; };
		F82378091BDDE1AC0062603F /* TeacherNames+CoreDataProperties.swift in Sources */ = {isa = PBXBuildFile; fileRef = F82377AA1BDDE1AB0062603F /* TeacherNames+CoreDataProperties.swift */; };
		F823780A1BDDE1AC0062603F /* Teammate.swift in Sources */ = {isa = PBXBuildFile; fileRef = F82377AB1BDDE1AB0062603F /* Teammate.swift */; };
		F823780B1BDDE1AC0062603F /* Teammate+CoreDataProperties.swift in Sources */ = {isa = PBXBuildFile; fileRef = F82377AC1BDDE1AB0062603F /* Teammate+CoreDataProperties.swift */; };
		F823780C1BDDE1AC0062603F /* TeammateViewController.swift in Sources */ = {isa = PBXBuildFile; fileRef = F82377AD1BDDE1AB0062603F /* TeammateViewController.swift */; };
		F823780D1BDDE1AC0062603F /* tos_beep.caf in Resources */ = {isa = PBXBuildFile; fileRef = F82377AE1BDDE1AB0062603F /* tos_beep.caf */; };
		F823780E1BDDE1AC0062603F /* User.swift in Sources */ = {isa = PBXBuildFile; fileRef = F82377AF1BDDE1AB0062603F /* User.swift */; };
		F823780F1BDDE1AC0062603F /* User+CoreDataProperties.swift in Sources */ = {isa = PBXBuildFile; fileRef = F82377B01BDDE1AB0062603F /* User+CoreDataProperties.swift */; };
		F86CB0911BDDE5FD007CDD44 /* iCarousel.m in Sources */ = {isa = PBXBuildFile; fileRef = F86CB0901BDDE5FD007CDD44 /* iCarousel.m */; };
		F86CB0B61BDDEACD007CDD44 /* SmartClass.xcdatamodeld in Sources */ = {isa = PBXBuildFile; fileRef = F86CB0B41BDDEACD007CDD44 /* SmartClass.xcdatamodeld */; };
/* End PBXBuildFile section */

/* Begin PBXContainerItemProxy section */
		F8FEFE1D1B56479C004FA01C /* PBXContainerItemProxy */ = {
			isa = PBXContainerItemProxy;
			containerPortal = F8FEFDFC1B56479C004FA01C /* Project object */;
			proxyType = 1;
			remoteGlobalIDString = F8FEFE031B56479C004FA01C;
			remoteInfo = SmarClass;
		};
/* End PBXContainerItemProxy section */

/* Begin PBXFileReference section */
		2FE27DABD4B55913C595CF7A /* Pods.debug.xcconfig */ = {isa = PBXFileReference; includeInIndex = 1; lastKnownFileType = text.xcconfig; name = Pods.debug.xcconfig; path = "Pods/Target Support Files/Pods/Pods.debug.xcconfig"; sourceTree = "<group>"; };
		7B8D7C69E175F931120099A0 /* Pods.framework */ = {isa = PBXFileReference; explicitFileType = wrapper.framework; includeInIndex = 0; path = Pods.framework; sourceTree = BUILT_PRODUCTS_DIR; };
		E48C1C77427F954CABA1BE93 /* Pods.release.xcconfig */ = {isa = PBXFileReference; includeInIndex = 1; lastKnownFileType = text.xcconfig; name = Pods.release.xcconfig; path = "Pods/Target Support Files/Pods/Pods.release.xcconfig"; sourceTree = "<group>"; };
		F823774E1BDDE1AB0062603F /* AboutUsView.swift */ = {isa = PBXFileReference; fileEncoding = 4; lastKnownFileType = sourcecode.swift; name = AboutUsView.swift; path = SmartClass/AboutUsView.swift; sourceTree = "<group>"; };
		F823774F1BDDE1AB0062603F /* AboutUsView.xib */ = {isa = PBXFileReference; fileEncoding = 4; lastKnownFileType = file.xib; name = AboutUsView.xib; path = SmartClass/AboutUsView.xib; sourceTree = "<group>"; };
		F82377501BDDE1AB0062603F /* AboutUsViewController.swift */ = {isa = PBXFileReference; fileEncoding = 4; lastKnownFileType = sourcecode.swift; name = AboutUsViewController.swift; path = SmartClass/AboutUsViewController.swift; sourceTree = "<group>"; };
		F82377511BDDE1AB0062603F /* Answer.swift */ = {isa = PBXFileReference; fileEncoding = 4; lastKnownFileType = sourcecode.swift; name = Answer.swift; path = SmartClass/Answer.swift; sourceTree = "<group>"; };
		F82377521BDDE1AB0062603F /* Answer+CoreDataProperties.swift */ = {isa = PBXFileReference; fileEncoding = 4; lastKnownFileType = sourcecode.swift; name = "Answer+CoreDataProperties.swift"; path = "SmartClass/Answer+CoreDataProperties.swift"; sourceTree = "<group>"; };
		F82377531BDDE1AB0062603F /* AppDelegate.swift */ = {isa = PBXFileReference; fileEncoding = 4; lastKnownFileType = sourcecode.swift; name = AppDelegate.swift; path = SmartClass/AppDelegate.swift; sourceTree = "<group>"; };
		F82377541BDDE1AB0062603F /* AttendCourseViewController.swift */ = {isa = PBXFileReference; fileEncoding = 4; lastKnownFileType = sourcecode.swift; name = AttendCourseViewController.swift; path = SmartClass/AttendCourseViewController.swift; sourceTree = "<group>"; };
		F82377551BDDE1AB0062603F /* Avatar.swift */ = {isa = PBXFileReference; fileEncoding = 4; lastKnownFileType = sourcecode.swift; name = Avatar.swift; path = SmartClass/Avatar.swift; sourceTree = "<group>"; };
		F82377561BDDE1AB0062603F /* Avatar+CoreDataProperties.swift */ = {isa = PBXFileReference; fileEncoding = 4; lastKnownFileType = sourcecode.swift; name = "Avatar+CoreDataProperties.swift"; path = "SmartClass/Avatar+CoreDataProperties.swift"; sourceTree = "<group>"; };
		F82377571BDDE1AB0062603F /* AvatarView.swift */ = {isa = PBXFileReference; fileEncoding = 4; lastKnownFileType = sourcecode.swift; name = AvatarView.swift; path = SmartClass/AvatarView.swift; sourceTree = "<group>"; };
		F82377581BDDE1AB0062603F /* AvatarView.xib */ = {isa = PBXFileReference; fileEncoding = 4; lastKnownFileType = file.xib; name = AvatarView.xib; path = SmartClass/AvatarView.xib; sourceTree = "<group>"; };
		F82377591BDDE1AB0062603F /* BadgeView.swift */ = {isa = PBXFileReference; fileEncoding = 4; lastKnownFileType = sourcecode.swift; name = BadgeView.swift; path = SmartClass/BadgeView.swift; sourceTree = "<group>"; };
		F823775A1BDDE1AB0062603F /* BadgeView.xib */ = {isa = PBXFileReference; fileEncoding = 4; lastKnownFileType = file.xib; name = BadgeView.xib; path = SmartClass/BadgeView.xib; sourceTree = "<group>"; };
		F823775D1BDDE1AB0062603F /* Base */ = {isa = PBXFileReference; lastKnownFileType = file.xib; name = Base; path = LaunchScreen.xib; sourceTree = "<group>"; };
		F823775E1BDDE1AB0062603F /* Choice.swift */ = {isa = PBXFileReference; fileEncoding = 4; lastKnownFileType = sourcecode.swift; name = Choice.swift; path = SmartClass/Choice.swift; sourceTree = "<group>"; };
		F823775F1BDDE1AB0062603F /* Choice+CoreDataProperties.swift */ = {isa = PBXFileReference; fileEncoding = 4; lastKnownFileType = sourcecode.swift; name = "Choice+CoreDataProperties.swift"; path = "SmartClass/Choice+CoreDataProperties.swift"; sourceTree = "<group>"; };
		F82377601BDDE1AB0062603F /* ChoiceView.swift */ = {isa = PBXFileReference; fileEncoding = 4; lastKnownFileType = sourcecode.swift; name = ChoiceView.swift; path = SmartClass/ChoiceView.swift; sourceTree = "<group>"; };
		F82377611BDDE1AB0062603F /* ChoiceView.xib */ = {isa = PBXFileReference; fileEncoding = 4; lastKnownFileType = file.xib; name = ChoiceView.xib; path = SmartClass/ChoiceView.xib; sourceTree = "<group>"; };
		F82377621BDDE1AB0062603F /* CloudAnimateCollectionViewController.swift */ = {isa = PBXFileReference; fileEncoding = 4; lastKnownFileType = sourcecode.swift; name = CloudAnimateCollectionViewController.swift; path = SmartClass/CloudAnimateCollectionViewController.swift; sourceTree = "<group>"; };
		F82377631BDDE1AB0062603F /* CloudAnimateTableViewController.swift */ = {isa = PBXFileReference; fileEncoding = 4; lastKnownFileType = sourcecode.swift; name = CloudAnimateTableViewController.swift; path = SmartClass/CloudAnimateTableViewController.swift; sourceTree = "<group>"; };
		F82377641BDDE1AB0062603F /* ConfirmationViewController.swift */ = {isa = PBXFileReference; fileEncoding = 4; lastKnownFileType = sourcecode.swift; name = ConfirmationViewController.swift; path = SmartClass/ConfirmationViewController.swift; sourceTree = "<group>"; };
		F82377651BDDE1AB0062603F /* ContainerViewController.swift */ = {isa = PBXFileReference; fileEncoding = 4; lastKnownFileType = sourcecode.swift; name = ContainerViewController.swift; path = SmartClass/ContainerViewController.swift; sourceTree = "<group>"; };
		F82377661BDDE1AB0062603F /* ContentManager.swift */ = {isa = PBXFileReference; fileEncoding = 4; lastKnownFileType = sourcecode.swift; name = ContentManager.swift; path = SmartClass/ContentManager.swift; sourceTree = "<group>"; };
		F82377671BDDE1AB0062603F /* CoreDataManager.swift */ = {isa = PBXFileReference; fileEncoding = 4; lastKnownFileType = sourcecode.swift; name = CoreDataManager.swift; path = SmartClass/CoreDataManager.swift; sourceTree = "<group>"; };
		F82377681BDDE1AB0062603F /* Course.swift */ = {isa = PBXFileReference; fileEncoding = 4; lastKnownFileType = sourcecode.swift; name = Course.swift; path = SmartClass/Course.swift; sourceTree = "<group>"; };
		F82377691BDDE1AB0062603F /* Course+CoreDataProperties.swift */ = {isa = PBXFileReference; fileEncoding = 4; lastKnownFileType = sourcecode.swift; name = "Course+CoreDataProperties.swift"; path = "SmartClass/Course+CoreDataProperties.swift"; sourceTree = "<group>"; };
		F823776A1BDDE1AB0062603F /* CourseCalendarContainerViewController.swift */ = {isa = PBXFileReference; fileEncoding = 4; lastKnownFileType = sourcecode.swift; name = CourseCalendarContainerViewController.swift; path = SmartClass/CourseCalendarContainerViewController.swift; sourceTree = "<group>"; };
		F823776B1BDDE1AB0062603F /* CourseCalendarViewController.swift */ = {isa = PBXFileReference; fileEncoding = 4; lastKnownFileType = sourcecode.swift; name = CourseCalendarViewController.swift; path = SmartClass/CourseCalendarViewController.swift; sourceTree = "<group>"; };
		F823776C1BDDE1AB0062603F /* CourseDescriptionViewController.swift */ = {isa = PBXFileReference; fileEncoding = 4; lastKnownFileType = sourcecode.swift; name = CourseDescriptionViewController.swift; path = SmartClass/CourseDescriptionViewController.swift; sourceTree = "<group>"; };
		F823776D1BDDE1AB0062603F /* CourseOverviewController.swift */ = {isa = PBXFileReference; fileEncoding = 4; lastKnownFileType = sourcecode.swift; name = CourseOverviewController.swift; path = SmartClass/CourseOverviewController.swift; sourceTree = "<group>"; };
		F823776E1BDDE1AB0062603F /* CrossDissolveSegue.swift */ = {isa = PBXFileReference; fileEncoding = 4; lastKnownFileType = sourcecode.swift; name = CrossDissolveSegue.swift; path = SmartClass/CrossDissolveSegue.swift; sourceTree = "<group>"; };
		F823776F1BDDE1AB0062603F /* Empty.swift */ = {isa = PBXFileReference; fileEncoding = 4; lastKnownFileType = sourcecode.swift; name = Empty.swift; path = SmartClass/Empty.swift; sourceTree = "<group>"; };
		F82377701BDDE1AB0062603F /* FileManager.swift */ = {isa = PBXFileReference; fileEncoding = 4; lastKnownFileType = sourcecode.swift; name = FileManager.swift; path = SmartClass/FileManager.swift; sourceTree = "<group>"; };
		F82377711BDDE1AB0062603F /* FunctionalExtension.swift */ = {isa = PBXFileReference; fileEncoding = 4; lastKnownFileType = sourcecode.swift; name = FunctionalExtension.swift; path = SmartClass/FunctionalExtension.swift; sourceTree = "<group>"; };
		F82377721BDDE1AB0062603F /* GlobalConstants.swift */ = {isa = PBXFileReference; fileEncoding = 4; lastKnownFileType = sourcecode.swift; name = GlobalConstants.swift; path = SmartClass/GlobalConstants.swift; sourceTree = "<group>"; };
		F82377731BDDE1AB0062603F /* Group.swift */ = {isa = PBXFileReference; fileEncoding = 4; lastKnownFileType = sourcecode.swift; name = Group.swift; path = SmartClass/Group.swift; sourceTree = "<group>"; };
		F82377741BDDE1AB0062603F /* Group+CoreDataProperties.swift */ = {isa = PBXFileReference; fileEncoding = 4; lastKnownFileType = sourcecode.swift; name = "Group+CoreDataProperties.swift"; path = "SmartClass/Group+CoreDataProperties.swift"; sourceTree = "<group>"; };
		F82377751BDDE1AB0062603F /* GroupViewController.swift */ = {isa = PBXFileReference; fileEncoding = 4; lastKnownFileType = sourcecode.swift; name = GroupViewController.swift; path = SmartClass/GroupViewController.swift; sourceTree = "<group>"; };
		F82377761BDDE1AB0062603F /* Images.xcassets */ = {isa = PBXFileReference; lastKnownFileType = folder.assetcatalog; name = Images.xcassets; path = SmartClass/Images.xcassets; sourceTree = "<group>"; };
		F82377771BDDE1AB0062603F /* IndexViewController.swift */ = {isa = PBXFileReference; fileEncoding = 4; lastKnownFileType = sourcecode.swift; name = IndexViewController.swift; path = SmartClass/IndexViewController.swift; sourceTree = "<group>"; };
		F82377781BDDE1AB0062603F /* Info.plist */ = {isa = PBXFileReference; fileEncoding = 4; lastKnownFileType = text.plist.xml; name = Info.plist; path = SmartClass/Info.plist; sourceTree = "<group>"; };
		F82377791BDDE1AB0062603F /* InvitationContainerViewController.swift */ = {isa = PBXFileReference; fileEncoding = 4; lastKnownFileType = sourcecode.swift; name = InvitationContainerViewController.swift; path = SmartClass/InvitationContainerViewController.swift; sourceTree = "<group>"; };
		F823777A1BDDE1AB0062603F /* InvitationPageViewController.swift */ = {isa = PBXFileReference; fileEncoding = 4; lastKnownFileType = sourcecode.swift; name = InvitationPageViewController.swift; path = SmartClass/InvitationPageViewController.swift; sourceTree = "<group>"; };
		F823777B1BDDE1AB0062603F /* LectureTime.swift */ = {isa = PBXFileReference; fileEncoding = 4; lastKnownFileType = sourcecode.swift; name = LectureTime.swift; path = SmartClass/LectureTime.swift; sourceTree = "<group>"; };
		F823777C1BDDE1AB0062603F /* LectureTime+CoreDataProperties.swift */ = {isa = PBXFileReference; fileEncoding = 4; lastKnownFileType = sourcecode.swift; name = "LectureTime+CoreDataProperties.swift"; path = "SmartClass/LectureTime+CoreDataProperties.swift"; sourceTree = "<group>"; };
		F823777D1BDDE1AB0062603F /* Log.swift */ = {isa = PBXFileReference; fileEncoding = 4; lastKnownFileType = sourcecode.swift; name = Log.swift; path = SmartClass/Log.swift; sourceTree = "<group>"; };
		F823777E1BDDE1AB0062603F /* LoginContainerViewController.swift */ = {isa = PBXFileReference; fileEncoding = 4; lastKnownFileType = sourcecode.swift; name = LoginContainerViewController.swift; path = SmartClass/LoginContainerViewController.swift; sourceTree = "<group>"; };
		F823777F1BDDE1AB0062603F /* LoginPanelViewController.swift */ = {isa = PBXFileReference; fileEncoding = 4; lastKnownFileType = sourcecode.swift; name = LoginPanelViewController.swift; path = SmartClass/LoginPanelViewController.swift; sourceTree = "<group>"; };
		F82377801BDDE1AB0062603F /* LoginViewController.swift */ = {isa = PBXFileReference; fileEncoding = 4; lastKnownFileType = sourcecode.swift; name = LoginViewController.swift; path = SmartClass/LoginViewController.swift; sourceTree = "<group>"; };
		F82377811BDDE1AB0062603F /* Main.storyboard */ = {isa = PBXFileReference; fileEncoding = 4; lastKnownFileType = file.storyboard; name = Main.storyboard; path = SmartClass/Main.storyboard; sourceTree = "<group>"; };
		F82377821BDDE1AB0062603F /* MainHomeViewController.swift */ = {isa = PBXFileReference; fileEncoding = 4; lastKnownFileType = sourcecode.swift; name = MainHomeViewController.swift; path = SmartClass/MainHomeViewController.swift; sourceTree = "<group>"; };
		F82377831BDDE1AB0062603F /* Member.swift */ = {isa = PBXFileReference; fileEncoding = 4; lastKnownFileType = sourcecode.swift; name = Member.swift; path = SmartClass/Member.swift; sourceTree = "<group>"; };
		F82377841BDDE1AB0062603F /* Member+CoreDataProperties.swift */ = {isa = PBXFileReference; fileEncoding = 4; lastKnownFileType = sourcecode.swift; name = "Member+CoreDataProperties.swift"; path = "SmartClass/Member+CoreDataProperties.swift"; sourceTree = "<group>"; };
		F82377851BDDE1AB0062603F /* NavigationController.swift */ = {isa = PBXFileReference; fileEncoding = 4; lastKnownFileType = sourcecode.swift; name = NavigationController.swift; path = SmartClass/NavigationController.swift; sourceTree = "<group>"; };
		F82377861BDDE1AB0062603F /* NetworkManager.swift */ = {isa = PBXFileReference; fileEncoding = 4; lastKnownFileType = sourcecode.swift; name = NetworkManager.swift; path = SmartClass/NetworkManager.swift; sourceTree = "<group>"; };
		F82377871BDDE1AB0062603F /* Option.swift */ = {isa = PBXFileReference; fileEncoding = 4; lastKnownFileType = sourcecode.swift; name = Option.swift; path = SmartClass/Option.swift; sourceTree = "<group>"; };
		F82377881BDDE1AB0062603F /* Option+CoreDataProperties.swift */ = {isa = PBXFileReference; fileEncoding = 4; lastKnownFileType = sourcecode.swift; name = "Option+CoreDataProperties.swift"; path = "SmartClass/Option+CoreDataProperties.swift"; sourceTree = "<group>"; };
		F82377891BDDE1AB0062603F /* PercentageView.swift */ = {isa = PBXFileReference; fileEncoding = 4; lastKnownFileType = sourcecode.swift; name = PercentageView.swift; path = SmartClass/PercentageView.swift; sourceTree = "<group>"; };
		F823778A1BDDE1AB0062603F /* PreferenceViewController.swift */ = {isa = PBXFileReference; fileEncoding = 4; lastKnownFileType = sourcecode.swift; name = PreferenceViewController.swift; path = SmartClass/PreferenceViewController.swift; sourceTree = "<group>"; };
		F823778B1BDDE1AB0062603F /* Problem.swift */ = {isa = PBXFileReference; fileEncoding = 4; lastKnownFileType = sourcecode.swift; name = Problem.swift; path = SmartClass/Problem.swift; sourceTree = "<group>"; };
		F823778C1BDDE1AB0062603F /* Problem+CoreDataProperties.swift */ = {isa = PBXFileReference; fileEncoding = 4; lastKnownFileType = sourcecode.swift; name = "Problem+CoreDataProperties.swift"; path = "SmartClass/Problem+CoreDataProperties.swift"; sourceTree = "<group>"; };
		F823778D1BDDE1AB0062603F /* ProblemViewController.swift */ = {isa = PBXFileReference; fileEncoding = 4; lastKnownFileType = sourcecode.swift; name = ProblemViewController.swift; path = SmartClass/ProblemViewController.swift; sourceTree = "<group>"; };
		F823778E1BDDE1AB0062603F /* Project.swift */ = {isa = PBXFileReference; fileEncoding = 4; lastKnownFileType = sourcecode.swift; name = Project.swift; path = SmartClass/Project.swift; sourceTree = "<group>"; };
		F823778F1BDDE1AB0062603F /* Project+CoreDataProperties.swift */ = {isa = PBXFileReference; fileEncoding = 4; lastKnownFileType = sourcecode.swift; name = "Project+CoreDataProperties.swift"; path = "SmartClass/Project+CoreDataProperties.swift"; sourceTree = "<group>"; };
		F82377901BDDE1AB0062603F /* ProjectContainerViewController.swift */ = {isa = PBXFileReference; fileEncoding = 4; lastKnownFileType = sourcecode.swift; name = ProjectContainerViewController.swift; path = SmartClass/ProjectContainerViewController.swift; sourceTree = "<group>"; };
		F82377911BDDE1AB0062603F /* ProjectSwitcherViewController.swift */ = {isa = PBXFileReference; fileEncoding = 4; lastKnownFileType = sourcecode.swift; name = ProjectSwitcherViewController.swift; path = SmartClass/ProjectSwitcherViewController.swift; sourceTree = "<group>"; };
		F82377921BDDE1AB0062603F /* ProjectViewController.swift */ = {isa = PBXFileReference; fileEncoding = 4; lastKnownFileType = sourcecode.swift; name = ProjectViewController.swift; path = SmartClass/ProjectViewController.swift; sourceTree = "<group>"; };
		F82377931BDDE1AB0062603F /* Question.swift */ = {isa = PBXFileReference; fileEncoding = 4; lastKnownFileType = sourcecode.swift; name = Question.swift; path = SmartClass/Question.swift; sourceTree = "<group>"; };
		F82377941BDDE1AB0062603F /* Question+CoreDataProperties.swift */ = {isa = PBXFileReference; fileEncoding = 4; lastKnownFileType = sourcecode.swift; name = "Question+CoreDataProperties.swift"; path = "SmartClass/Question+CoreDataProperties.swift"; sourceTree = "<group>"; };
		F82377951BDDE1AB0062603F /* QuestionContainerViewController.swift */ = {isa = PBXFileReference; fileEncoding = 4; lastKnownFileType = sourcecode.swift; name = QuestionContainerViewController.swift; path = SmartClass/QuestionContainerViewController.swift; sourceTree = "<group>"; };
		F82377961BDDE1AB0062603F /* QuestionPageViewController.swift */ = {isa = PBXFileReference; fileEncoding = 4; lastKnownFileType = sourcecode.swift; name = QuestionPageViewController.swift; path = SmartClass/QuestionPageViewController.swift; sourceTree = "<group>"; };
		F82377971BDDE1AB0062603F /* QuestionViewController.swift */ = {isa = PBXFileReference; fileEncoding = 4; lastKnownFileType = sourcecode.swift; name = QuestionViewController.swift; path = SmartClass/QuestionViewController.swift; sourceTree = "<group>"; };
		F82377981BDDE1AB0062603F /* Quiz.swift */ = {isa = PBXFileReference; fileEncoding = 4; lastKnownFileType = sourcecode.swift; name = Quiz.swift; path = SmartClass/Quiz.swift; sourceTree = "<group>"; };
		F82377991BDDE1AB0062603F /* Quiz+CoreDataProperties.swift */ = {isa = PBXFileReference; fileEncoding = 4; lastKnownFileType = sourcecode.swift; name = "Quiz+CoreDataProperties.swift"; path = "SmartClass/Quiz+CoreDataProperties.swift"; sourceTree = "<group>"; };
		F823779A1BDDE1AB0062603F /* QuizViewController.swift */ = {isa = PBXFileReference; fileEncoding = 4; lastKnownFileType = sourcecode.swift; name = QuizViewController.swift; path = SmartClass/QuizViewController.swift; sourceTree = "<group>"; };
		F823779B1BDDE1AB0062603F /* RefreshContents.swift */ = {isa = PBXFileReference; fileEncoding = 4; lastKnownFileType = sourcecode.swift; name = RefreshContents.swift; path = SmartClass/RefreshContents.swift; sourceTree = "<group>"; };
		F823779C1BDDE1AB0062603F /* RefreshContents.xib */ = {isa = PBXFileReference; fileEncoding = 4; lastKnownFileType = file.xib; name = RefreshContents.xib; path = SmartClass/RefreshContents.xib; sourceTree = "<group>"; };
		F823779D1BDDE1AB0062603F /* SidePanelViewController.swift */ = {isa = PBXFileReference; fileEncoding = 4; lastKnownFileType = sourcecode.swift; name = SidePanelViewController.swift; path = SmartClass/SidePanelViewController.swift; sourceTree = "<group>"; };
		F82377A21BDDE1AB0062603F /* Splash0ViewController.swift */ = {isa = PBXFileReference; fileEncoding = 4; lastKnownFileType = sourcecode.swift; name = Splash0ViewController.swift; path = SmartClass/Splash0ViewController.swift; sourceTree = "<group>"; };
		F82377A31BDDE1AB0062603F /* Splash1ViewController.swift */ = {isa = PBXFileReference; fileEncoding = 4; lastKnownFileType = sourcecode.swift; name = Splash1ViewController.swift; path = SmartClass/Splash1ViewController.swift; sourceTree = "<group>"; };
		F82377A41BDDE1AB0062603F /* Splash2ViewController.swift */ = {isa = PBXFileReference; fileEncoding = 4; lastKnownFileType = sourcecode.swift; name = Splash2ViewController.swift; path = SmartClass/Splash2ViewController.swift; sourceTree = "<group>"; };
		F82377A51BDDE1AB0062603F /* Splash3ViewController.swift */ = {isa = PBXFileReference; fileEncoding = 4; lastKnownFileType = sourcecode.swift; name = Splash3ViewController.swift; path = SmartClass/Splash3ViewController.swift; sourceTree = "<group>"; };
		F82377A61BDDE1AB0062603F /* SplashViewController.swift */ = {isa = PBXFileReference; fileEncoding = 4; lastKnownFileType = sourcecode.swift; name = SplashViewController.swift; path = SmartClass/SplashViewController.swift; sourceTree = "<group>"; };
		F82377A71BDDE1AB0062603F /* SwitcherViewController.swift */ = {isa = PBXFileReference; fileEncoding = 4; lastKnownFileType = sourcecode.swift; name = SwitcherViewController.swift; path = SmartClass/SwitcherViewController.swift; sourceTree = "<group>"; };
		F82377A81BDDE1AB0062603F /* TabBarController.swift */ = {isa = PBXFileReference; fileEncoding = 4; lastKnownFileType = sourcecode.swift; name = TabBarController.swift; path = SmartClass/TabBarController.swift; sourceTree = "<group>"; };
		F82377A91BDDE1AB0062603F /* TeacherNames.swift */ = {isa = PBXFileReference; fileEncoding = 4; lastKnownFileType = sourcecode.swift; name = TeacherNames.swift; path = SmartClass/TeacherNames.swift; sourceTree = "<group>"; };
		F82377AA1BDDE1AB0062603F /* TeacherNames+CoreDataProperties.swift */ = {isa = PBXFileReference; fileEncoding = 4; lastKnownFileType = sourcecode.swift; name = "TeacherNames+CoreDataProperties.swift"; path = "SmartClass/TeacherNames+CoreDataProperties.swift"; sourceTree = "<group>"; };
		F82377AB1BDDE1AB0062603F /* Teammate.swift */ = {isa = PBXFileReference; fileEncoding = 4; lastKnownFileType = sourcecode.swift; name = Teammate.swift; path = SmartClass/Teammate.swift; sourceTree = "<group>"; };
		F82377AC1BDDE1AB0062603F /* Teammate+CoreDataProperties.swift */ = {isa = PBXFileReference; fileEncoding = 4; lastKnownFileType = sourcecode.swift; name = "Teammate+CoreDataProperties.swift"; path = "SmartClass/Teammate+CoreDataProperties.swift"; sourceTree = "<group>"; };
		F82377AD1BDDE1AB0062603F /* TeammateViewController.swift */ = {isa = PBXFileReference; fileEncoding = 4; lastKnownFileType = sourcecode.swift; name = TeammateViewController.swift; path = SmartClass/TeammateViewController.swift; sourceTree = "<group>"; };
		F82377AE1BDDE1AB0062603F /* tos_beep.caf */ = {isa = PBXFileReference; lastKnownFileType = file; name = tos_beep.caf; path = SmartClass/tos_beep.caf; sourceTree = "<group>"; };
		F82377AF1BDDE1AB0062603F /* User.swift */ = {isa = PBXFileReference; fileEncoding = 4; lastKnownFileType = sourcecode.swift; name = User.swift; path = SmartClass/User.swift; sourceTree = "<group>"; };
		F82377B01BDDE1AB0062603F /* User+CoreDataProperties.swift */ = {isa = PBXFileReference; fileEncoding = 4; lastKnownFileType = sourcecode.swift; name = "User+CoreDataProperties.swift"; path = "SmartClass/User+CoreDataProperties.swift"; sourceTree = "<group>"; };
		F82378101BDDE1DC0062603F /* SmartClass.app */ = {isa = PBXFileReference; explicitFileType = wrapper.application; includeInIndex = 0; path = SmartClass.app; sourceTree = BUILT_PRODUCTS_DIR; };
		F82378111BDDE1DF0062603F /* SmartClass.xctest */ = {isa = PBXFileReference; explicitFileType = wrapper.cfbundle; includeInIndex = 0; path = SmartClass.xctest; sourceTree = BUILT_PRODUCTS_DIR; };
		F823781A1BDDE2C60062603F /* SmartClass.entitlements */ = {isa = PBXFileReference; lastKnownFileType = text.xml; name = SmartClass.entitlements; path = SmartClass/SmartClass.entitlements; sourceTree = "<group>"; };
		F86CB08E1BDDE5E4007CDD44 /* SmartClass-Bridging-Header.h */ = {isa = PBXFileReference; fileEncoding = 4; lastKnownFileType = sourcecode.c.h; name = "SmartClass-Bridging-Header.h"; path = "SmartClass/SmartClass-Bridging-Header.h"; sourceTree = "<group>"; };
		F86CB08F1BDDE5FD007CDD44 /* iCarousel.h */ = {isa = PBXFileReference; fileEncoding = 4; lastKnownFileType = sourcecode.c.h; path = iCarousel.h; sourceTree = "<group>"; };
		F86CB0901BDDE5FD007CDD44 /* iCarousel.m */ = {isa = PBXFileReference; fileEncoding = 4; lastKnownFileType = sourcecode.c.objc; path = iCarousel.m; sourceTree = "<group>"; };
		F86CB0B51BDDEACD007CDD44 /* SmarClass.xcdatamodel */ = {isa = PBXFileReference; lastKnownFileType = wrapper.xcdatamodel; path = SmarClass.xcdatamodel; sourceTree = "<group>"; };
/* End PBXFileReference section */

/* Begin PBXFrameworksBuildPhase section */
		F8FEFE011B56479C004FA01C /* Frameworks */ = {
			isa = PBXFrameworksBuildPhase;
			buildActionMask = 2147483647;
			files = (
				3FBDB559A5007EE8286F7CEE /* Pods.framework in Frameworks */,
			);
			runOnlyForDeploymentPostprocessing = 0;
		};
		F8FEFE191B56479C004FA01C /* Frameworks */ = {
			isa = PBXFrameworksBuildPhase;
			buildActionMask = 2147483647;
			files = (
			);
			runOnlyForDeploymentPostprocessing = 0;
		};
/* End PBXFrameworksBuildPhase section */

/* Begin PBXGroup section */
		8AA589056875C8B3240E164F /* Frameworks */ = {
			isa = PBXGroup;
			children = (
				7B8D7C69E175F931120099A0 /* Pods.framework */,
			);
			name = Frameworks;
			sourceTree = "<group>";
		};
		9B192056FD722BBD19E45CD8 /* Pods */ = {
			isa = PBXGroup;
			children = (
				2FE27DABD4B55913C595CF7A /* Pods.debug.xcconfig */,
				E48C1C77427F954CABA1BE93 /* Pods.release.xcconfig */,
			);
			name = Pods;
			sourceTree = "<group>";
		};
		F823775B1BDDE1AB0062603F /* Base.lproj */ = {
			isa = PBXGroup;
			children = (
				F823775C1BDDE1AB0062603F /* LaunchScreen.xib */,
			);
			name = Base.lproj;
			path = SmartClass/Base.lproj;
			sourceTree = "<group>";
		};
		F86CB0941BDDE6B0007CDD44 /* Supporting files */ = {
			isa = PBXGroup;
			children = (
				F86CB0B41BDDEACD007CDD44 /* SmartClass.xcdatamodeld */,
				F82377811BDDE1AB0062603F /* Main.storyboard */,
				F82377AE1BDDE1AB0062603F /* tos_beep.caf */,
				F86CB08E1BDDE5E4007CDD44 /* SmartClass-Bridging-Header.h */,
				F823781A1BDDE2C60062603F /* SmartClass.entitlements */,
				F82377531BDDE1AB0062603F /* AppDelegate.swift */,
				F82377761BDDE1AB0062603F /* Images.xcassets */,
				F82377781BDDE1AB0062603F /* Info.plist */,
				F823775B1BDDE1AB0062603F /* Base.lproj */,
			);
			name = "Supporting files";
			sourceTree = "<group>";
		};
		F86CB0951BDDE6BC007CDD44 /* Vendor */ = {
			isa = PBXGroup;
			children = (
				F86CB08F1BDDE5FD007CDD44 /* iCarousel.h */,
				F86CB0901BDDE5FD007CDD44 /* iCarousel.m */,
			);
			name = Vendor;
			sourceTree = "<group>";
		};
		F86CB0961BDDE6EC007CDD44 /* iCarousel view */ = {
			isa = PBXGroup;
			children = (
				F823774E1BDDE1AB0062603F /* AboutUsView.swift */,
				F823774F1BDDE1AB0062603F /* AboutUsView.xib */,
			);
			name = "iCarousel view";
			sourceTree = "<group>";
		};
		F86CB0971BDDE70F007CDD44 /* Answer */ = {
			isa = PBXGroup;
			children = (
				F82377511BDDE1AB0062603F /* Answer.swift */,
				F82377521BDDE1AB0062603F /* Answer+CoreDataProperties.swift */,
			);
			name = Answer;
			sourceTree = "<group>";
		};
		F86CB0981BDDE717007CDD44 /* Avatar */ = {
			isa = PBXGroup;
			children = (
				F82377551BDDE1AB0062603F /* Avatar.swift */,
				F82377561BDDE1AB0062603F /* Avatar+CoreDataProperties.swift */,
			);
			name = Avatar;
			sourceTree = "<group>";
		};
		F86CB0991BDDE722007CDD44 /* Custom views */ = {
			isa = PBXGroup;
			children = (
				F86CB0AF1BDDE93B007CDD44 /* Percentage view */,
				F86CB0A81BDDE8A3007CDD44 /* Refresh content */,
				F86CB0A21BDDE817007CDD44 /* Segue */,
				F86CB09F1BDDE7AF007CDD44 /* Choice view */,
				F86CB09D1BDDE78C007CDD44 /* Badge view */,
				F86CB09C1BDDE769007CDD44 /* Avatar view */,
				F86CB0961BDDE6EC007CDD44 /* iCarousel view */,
			);
			name = "Custom views";
			sourceTree = "<group>";
		};
		F86CB09A1BDDE731007CDD44 /* View controllers */ = {
			isa = PBXGroup;
			children = (
				F86CB0B71BDDEB2B007CDD44 /* Helper */,
				F86CB0BB1BDDEB78007CDD44 /* Quiz */,
				F86CB0BD1BDDEBA3007CDD44 /* Home page */,
				F86CB0B81BDDEB3F007CDD44 /* Login */,
				F86CB0BE1BDDEBB9007CDD44 /* Course */,
				F86CB0C11BDDEBF5007CDD44 /* Project */,
			);
			name = "View controllers";
			sourceTree = "<group>";
		};
		F86CB09B1BDDE745007CDD44 /* Models */ = {
			isa = PBXGroup;
			children = (
				F86CB0A71BDDE889007CDD44 /* Quiz */,
				F86CB0A61BDDE876007CDD44 /* Project */,
				F86CB0A41BDDE84C007CDD44 /* User */,
				F86CB0A11BDDE7D9007CDD44 /* Course */,
			);
			name = Models;
			sourceTree = "<group>";
		};
		F86CB09C1BDDE769007CDD44 /* Avatar view */ = {
			isa = PBXGroup;
			children = (
				F82377571BDDE1AB0062603F /* AvatarView.swift */,
				F82377581BDDE1AB0062603F /* AvatarView.xib */,
			);
			name = "Avatar view";
			sourceTree = "<group>";
		};
		F86CB09D1BDDE78C007CDD44 /* Badge view */ = {
			isa = PBXGroup;
			children = (
				F82377591BDDE1AB0062603F /* BadgeView.swift */,
				F823775A1BDDE1AB0062603F /* BadgeView.xib */,
			);
			name = "Badge view";
			sourceTree = "<group>";
		};
		F86CB09E1BDDE7A2007CDD44 /* Choice */ = {
			isa = PBXGroup;
			children = (
				F823775E1BDDE1AB0062603F /* Choice.swift */,
				F823775F1BDDE1AB0062603F /* Choice+CoreDataProperties.swift */,
			);
			name = Choice;
			sourceTree = "<group>";
		};
		F86CB09F1BDDE7AF007CDD44 /* Choice view */ = {
			isa = PBXGroup;
			children = (
				F82377601BDDE1AB0062603F /* ChoiceView.swift */,
				F82377611BDDE1AB0062603F /* ChoiceView.xib */,
			);
			name = "Choice view";
			sourceTree = "<group>";
		};
		F86CB0A01BDDE7C8007CDD44 /* Utility */ = {
			isa = PBXGroup;
			children = (
				F82377721BDDE1AB0062603F /* GlobalConstants.swift */,
				F823777D1BDDE1AB0062603F /* Log.swift */,
				F86CB0B01BDDE952007CDD44 /* Content manager */,
			);
			name = Utility;
			sourceTree = "<group>";
		};
		F86CB0A11BDDE7D9007CDD44 /* Course */ = {
			isa = PBXGroup;
			children = (
				F86CB0A91BDDE8AE007CDD44 /* Teacher name */,
				F86CB0AA1BDDE8CF007CDD44 /* Lecture time */,
				F82377681BDDE1AB0062603F /* Course.swift */,
				F82377691BDDE1AB0062603F /* Course+CoreDataProperties.swift */,
			);
			name = Course;
			sourceTree = "<group>";
		};
		F86CB0A21BDDE817007CDD44 /* Segue */ = {
			isa = PBXGroup;
			children = (
				F823776E1BDDE1AB0062603F /* CrossDissolveSegue.swift */,
				F823776F1BDDE1AB0062603F /* Empty.swift */,
			);
			name = Segue;
			sourceTree = "<group>";
		};
		F86CB0A31BDDE82F007CDD44 /* Group */ = {
			isa = PBXGroup;
			children = (
				F86CB0AC1BDDE8F3007CDD44 /* Member */,
				F82377731BDDE1AB0062603F /* Group.swift */,
				F82377741BDDE1AB0062603F /* Group+CoreDataProperties.swift */,
			);
			name = Group;
			sourceTree = "<group>";
		};
		F86CB0A41BDDE84C007CDD44 /* User */ = {
			isa = PBXGroup;
			children = (
				F82377AF1BDDE1AB0062603F /* User.swift */,
				F82377B01BDDE1AB0062603F /* User+CoreDataProperties.swift */,
				F86CB0981BDDE717007CDD44 /* Avatar */,
			);
			name = User;
			sourceTree = "<group>";
		};
		F86CB0A51BDDE856007CDD44 /* Teammate */ = {
			isa = PBXGroup;
			children = (
				F82377AB1BDDE1AB0062603F /* Teammate.swift */,
				F82377AC1BDDE1AB0062603F /* Teammate+CoreDataProperties.swift */,
			);
			name = Teammate;
			sourceTree = "<group>";
		};
		F86CB0A61BDDE876007CDD44 /* Project */ = {
			isa = PBXGroup;
			children = (
				F86CB0A31BDDE82F007CDD44 /* Group */,
				F86CB0AB1BDDE8E7007CDD44 /* Problem */,
				F86CB0A51BDDE856007CDD44 /* Teammate */,
				F823778E1BDDE1AB0062603F /* Project.swift */,
				F823778F1BDDE1AB0062603F /* Project+CoreDataProperties.swift */,
			);
			name = Project;
			sourceTree = "<group>";
		};
		F86CB0A71BDDE889007CDD44 /* Quiz */ = {
			isa = PBXGroup;
			children = (
				F86CB0971BDDE70F007CDD44 /* Answer */,
				F86CB0AE1BDDE92C007CDD44 /* Option */,
				F86CB09E1BDDE7A2007CDD44 /* Choice */,
				F86CB0AD1BDDE923007CDD44 /* Question */,
				F82377981BDDE1AB0062603F /* Quiz.swift */,
				F82377991BDDE1AB0062603F /* Quiz+CoreDataProperties.swift */,
			);
			name = Quiz;
			sourceTree = "<group>";
		};
		F86CB0A81BDDE8A3007CDD44 /* Refresh content */ = {
			isa = PBXGroup;
			children = (
				F823779B1BDDE1AB0062603F /* RefreshContents.swift */,
				F823779C1BDDE1AB0062603F /* RefreshContents.xib */,
			);
			name = "Refresh content";
			sourceTree = "<group>";
		};
		F86CB0A91BDDE8AE007CDD44 /* Teacher name */ = {
			isa = PBXGroup;
			children = (
				F82377A91BDDE1AB0062603F /* TeacherNames.swift */,
				F82377AA1BDDE1AB0062603F /* TeacherNames+CoreDataProperties.swift */,
			);
			name = "Teacher name";
			sourceTree = "<group>";
		};
		F86CB0AA1BDDE8CF007CDD44 /* Lecture time */ = {
			isa = PBXGroup;
			children = (
				F823777B1BDDE1AB0062603F /* LectureTime.swift */,
				F823777C1BDDE1AB0062603F /* LectureTime+CoreDataProperties.swift */,
			);
			name = "Lecture time";
			sourceTree = "<group>";
		};
		F86CB0AB1BDDE8E7007CDD44 /* Problem */ = {
			isa = PBXGroup;
			children = (
				F823778B1BDDE1AB0062603F /* Problem.swift */,
				F823778C1BDDE1AB0062603F /* Problem+CoreDataProperties.swift */,
			);
			name = Problem;
			sourceTree = "<group>";
		};
		F86CB0AC1BDDE8F3007CDD44 /* Member */ = {
			isa = PBXGroup;
			children = (
				F82377831BDDE1AB0062603F /* Member.swift */,
				F82377841BDDE1AB0062603F /* Member+CoreDataProperties.swift */,
			);
			name = Member;
			sourceTree = "<group>";
		};
		F86CB0AD1BDDE923007CDD44 /* Question */ = {
			isa = PBXGroup;
			children = (
				F82377931BDDE1AB0062603F /* Question.swift */,
				F82377941BDDE1AB0062603F /* Question+CoreDataProperties.swift */,
			);
			name = Question;
			sourceTree = "<group>";
		};
		F86CB0AE1BDDE92C007CDD44 /* Option */ = {
			isa = PBXGroup;
			children = (
				F82377871BDDE1AB0062603F /* Option.swift */,
				F82377881BDDE1AB0062603F /* Option+CoreDataProperties.swift */,
			);
			name = Option;
			sourceTree = "<group>";
		};
		F86CB0AF1BDDE93B007CDD44 /* Percentage view */ = {
			isa = PBXGroup;
			children = (
				F82377891BDDE1AB0062603F /* PercentageView.swift */,
			);
			name = "Percentage view";
			sourceTree = "<group>";
		};
		F86CB0B01BDDE952007CDD44 /* Content manager */ = {
			isa = PBXGroup;
			children = (
				F82377661BDDE1AB0062603F /* ContentManager.swift */,
				F82377671BDDE1AB0062603F /* CoreDataManager.swift */,
				F82377701BDDE1AB0062603F /* FileManager.swift */,
				F82377861BDDE1AB0062603F /* NetworkManager.swift */,
			);
			name = "Content manager";
			sourceTree = "<group>";
		};
		F86CB0B71BDDEB2B007CDD44 /* Helper */ = {
			isa = PBXGroup;
			children = (
				F82377711BDDE1AB0062603F /* FunctionalExtension.swift */,
				F82377A71BDDE1AB0062603F /* SwitcherViewController.swift */,
				F82377A81BDDE1AB0062603F /* TabBarController.swift */,
				F82377771BDDE1AB0062603F /* IndexViewController.swift */,
				F82377621BDDE1AB0062603F /* CloudAnimateCollectionViewController.swift */,
				F82377631BDDE1AB0062603F /* CloudAnimateTableViewController.swift */,
				F82377851BDDE1AB0062603F /* NavigationController.swift */,
			);
			name = Helper;
			sourceTree = "<group>";
		};
		F86CB0B81BDDEB3F007CDD44 /* Login */ = {
			isa = PBXGroup;
			children = (
				F823777E1BDDE1AB0062603F /* LoginContainerViewController.swift */,
				F823777F1BDDE1AB0062603F /* LoginPanelViewController.swift */,
				F82377801BDDE1AB0062603F /* LoginViewController.swift */,
				F86CB0B91BDDEB4D007CDD44 /* Splash screen */,
			);
			name = Login;
			sourceTree = "<group>";
		};
		F86CB0B91BDDEB4D007CDD44 /* Splash screen */ = {
			isa = PBXGroup;
			children = (
				F82377A21BDDE1AB0062603F /* Splash0ViewController.swift */,
				F82377A31BDDE1AB0062603F /* Splash1ViewController.swift */,
				F82377A41BDDE1AB0062603F /* Splash2ViewController.swift */,
				F82377A51BDDE1AB0062603F /* Splash3ViewController.swift */,
				F82377A61BDDE1AB0062603F /* SplashViewController.swift */,
			);
			name = "Splash screen";
			sourceTree = "<group>";
		};
		F86CB0BA1BDDEB67007CDD44 /* Question */ = {
			isa = PBXGroup;
			children = (
				F82377951BDDE1AB0062603F /* QuestionContainerViewController.swift */,
				F82377961BDDE1AB0062603F /* QuestionPageViewController.swift */,
				F82377971BDDE1AB0062603F /* QuestionViewController.swift */,
			);
			name = Question;
			sourceTree = "<group>";
		};
		F86CB0BB1BDDEB78007CDD44 /* Quiz */ = {
			isa = PBXGroup;
			children = (
				F86CB0BA1BDDEB67007CDD44 /* Question */,
				F823779A1BDDE1AB0062603F /* QuizViewController.swift */,
			);
			name = Quiz;
			sourceTree = "<group>";
		};
		F86CB0BC1BDDEB83007CDD44 /* Side panel */ = {
			isa = PBXGroup;
			children = (
				F82377541BDDE1AB0062603F /* AttendCourseViewController.swift */,
				F823779D1BDDE1AB0062603F /* SidePanelViewController.swift */,
				F82377501BDDE1AB0062603F /* AboutUsViewController.swift */,
			);
			name = "Side panel";
			sourceTree = "<group>";
		};
		F86CB0BD1BDDEBA3007CDD44 /* Home page */ = {
			isa = PBXGroup;
			children = (
				F86CB0BC1BDDEB83007CDD44 /* Side panel */,
				F82377651BDDE1AB0062603F /* ContainerViewController.swift */,
				F82377821BDDE1AB0062603F /* MainHomeViewController.swift */,
			);
			name = "Home page";
			sourceTree = "<group>";
		};
		F86CB0BE1BDDEBB9007CDD44 /* Course */ = {
			isa = PBXGroup;
			children = (
				F823776A1BDDE1AB0062603F /* CourseCalendarContainerViewController.swift */,
				F823776B1BDDE1AB0062603F /* CourseCalendarViewController.swift */,
				F823776C1BDDE1AB0062603F /* CourseDescriptionViewController.swift */,
				F823776D1BDDE1AB0062603F /* CourseOverviewController.swift */,
			);
			name = Course;
			sourceTree = "<group>";
		};
		F86CB0BF1BDDEBCD007CDD44 /* Invitation */ = {
			isa = PBXGroup;
			children = (
				F82377791BDDE1AB0062603F /* InvitationContainerViewController.swift */,
				F823777A1BDDE1AB0062603F /* InvitationPageViewController.swift */,
				F82377AD1BDDE1AB0062603F /* TeammateViewController.swift */,
				F82377641BDDE1AB0062603F /* ConfirmationViewController.swift */,
				F823778A1BDDE1AB0062603F /* PreferenceViewController.swift */,
			);
			name = Invitation;
			sourceTree = "<group>";
		};
		F86CB0C01BDDEBEA007CDD44 /* Group */ = {
			isa = PBXGroup;
			children = (
				F86CB0BF1BDDEBCD007CDD44 /* Invitation */,
				F82377751BDDE1AB0062603F /* GroupViewController.swift */,
			);
			name = Group;
			sourceTree = "<group>";
		};
		F86CB0C11BDDEBF5007CDD44 /* Project */ = {
			isa = PBXGroup;
			children = (
				F86CB0C01BDDEBEA007CDD44 /* Group */,
				F82377901BDDE1AB0062603F /* ProjectContainerViewController.swift */,
				F82377911BDDE1AB0062603F /* ProjectSwitcherViewController.swift */,
				F82377921BDDE1AB0062603F /* ProjectViewController.swift */,
				F823778D1BDDE1AB0062603F /* ProblemViewController.swift */,
			);
			name = Project;
			sourceTree = "<group>";
		};
		F8FEFDFB1B56479C004FA01C = {
			isa = PBXGroup;
			children = (
				F86CB0A01BDDE7C8007CDD44 /* Utility */,
				F86CB09B1BDDE745007CDD44 /* Models */,
				F86CB09A1BDDE731007CDD44 /* View controllers */,
				F86CB0991BDDE722007CDD44 /* Custom views */,
				F86CB0951BDDE6BC007CDD44 /* Vendor */,
				F86CB0941BDDE6B0007CDD44 /* Supporting files */,
				8AA589056875C8B3240E164F /* Frameworks */,
				F82378101BDDE1DC0062603F /* SmartClass.app */,
				F82378111BDDE1DF0062603F /* SmartClass.xctest */,
				9B192056FD722BBD19E45CD8 /* Pods */,
			);
			sourceTree = "<group>";
		};
/* End PBXGroup section */

/* Begin PBXNativeTarget section */
		F8FEFE031B56479C004FA01C /* SmartClass */ = {
			isa = PBXNativeTarget;
			buildConfigurationList = F8FEFE261B56479D004FA01C /* Build configuration list for PBXNativeTarget "SmartClass" */;
			buildPhases = (
				8A21CDFBB6390504F6FF678E /* Check Pods Manifest.lock */,
				F8FEFE001B56479C004FA01C /* Sources */,
				F8FEFE011B56479C004FA01C /* Frameworks */,
				F8FEFE021B56479C004FA01C /* Resources */,
				C2BDAC6EFC10C43A9F55B711 /* Embed Pods Frameworks */,
				F58473ED6B66CA6209AEA1AC /* Copy Pods Resources */,
			);
			buildRules = (
			);
			dependencies = (
			);
			name = SmartClass;
			productName = SmarClass;
			productReference = F82378101BDDE1DC0062603F /* SmartClass.app */;
			productType = "com.apple.product-type.application";
		};
		F8FEFE1B1B56479C004FA01C /* SmartClassTests */ = {
			isa = PBXNativeTarget;
			buildConfigurationList = F8FEFE291B56479D004FA01C /* Build configuration list for PBXNativeTarget "SmartClassTests" */;
			buildPhases = (
				F8FEFE181B56479C004FA01C /* Sources */,
				F8FEFE191B56479C004FA01C /* Frameworks */,
				F8FEFE1A1B56479C004FA01C /* Resources */,
			);
			buildRules = (
			);
			dependencies = (
				F8FEFE1E1B56479C004FA01C /* PBXTargetDependency */,
			);
			name = SmartClassTests;
			productName = SmarClassTests;
			productReference = F82378111BDDE1DF0062603F /* SmartClass.xctest */;
			productType = "com.apple.product-type.bundle.unit-test";
		};
/* End PBXNativeTarget section */

/* Begin PBXProject section */
		F8FEFDFC1B56479C004FA01C /* Project object */ = {
			isa = PBXProject;
			attributes = {
				LastSwiftMigration = 0700;
				LastSwiftUpdateCheck = 0700;
				LastUpgradeCheck = 0710;
				ORGANIZATIONNAME = PKU;
				TargetAttributes = {
					F8FEFE031B56479C004FA01C = {
						CreatedOnToolsVersion = 6.4;
						DevelopmentTeam = Y5NE6X87LM;
						SystemCapabilities = {
							com.apple.ApplicationGroups.iOS = {
								enabled = 0;
							};
							com.apple.BackgroundModes = {
								enabled = 1;
							};
							com.apple.DataProtection = {
								enabled = 1;
							};
							com.apple.Keychain = {
								enabled = 1;
							};
							com.apple.Push = {
								enabled = 1;
							};
						};
					};
					F8FEFE1B1B56479C004FA01C = {
						CreatedOnToolsVersion = 6.4;
						TestTargetID = F8FEFE031B56479C004FA01C;
					};
				};
			};
			buildConfigurationList = F8FEFDFF1B56479C004FA01C /* Build configuration list for PBXProject "SmartClass" */;
			compatibilityVersion = "Xcode 3.2";
			developmentRegion = English;
			hasScannedForEncodings = 0;
			knownRegions = (
				en,
				Base,
			);
			mainGroup = F8FEFDFB1B56479C004FA01C;
			productRefGroup = F8FEFDFB1B56479C004FA01C;
			projectDirPath = "";
			projectRoot = "";
			targets = (
				F8FEFE031B56479C004FA01C /* SmartClass */,
				F8FEFE1B1B56479C004FA01C /* SmartClassTests */,
			);
		};
/* End PBXProject section */

/* Begin PBXResourcesBuildPhase section */
		F8FEFE021B56479C004FA01C /* Resources */ = {
			isa = PBXResourcesBuildPhase;
			buildActionMask = 2147483647;
			files = (
				F82377BE1BDDE1AB0062603F /* LaunchScreen.xib in Resources */,
				F82377B21BDDE1AB0062603F /* AboutUsView.xib in Resources */,
				F82377FD1BDDE1AC0062603F /* RefreshContents.xib in Resources */,
				F82377BD1BDDE1AB0062603F /* BadgeView.xib in Resources */,
				F82377E21BDDE1AC0062603F /* Main.storyboard in Resources */,
				F82377D71BDDE1AB0062603F /* Images.xcassets in Resources */,
				F82377BB1BDDE1AB0062603F /* AvatarView.xib in Resources */,
				F82377C21BDDE1AB0062603F /* ChoiceView.xib in Resources */,
				F823780D1BDDE1AC0062603F /* tos_beep.caf in Resources */,
			);
			runOnlyForDeploymentPostprocessing = 0;
		};
		F8FEFE1A1B56479C004FA01C /* Resources */ = {
			isa = PBXResourcesBuildPhase;
			buildActionMask = 2147483647;
			files = (
			);
			runOnlyForDeploymentPostprocessing = 0;
		};
/* End PBXResourcesBuildPhase section */

/* Begin PBXShellScriptBuildPhase section */
		8A21CDFBB6390504F6FF678E /* Check Pods Manifest.lock */ = {
			isa = PBXShellScriptBuildPhase;
			buildActionMask = 2147483647;
			files = (
			);
			inputPaths = (
			);
			name = "Check Pods Manifest.lock";
			outputPaths = (
			);
			runOnlyForDeploymentPostprocessing = 0;
			shellPath = /bin/sh;
			shellScript = "diff \"${PODS_ROOT}/../Podfile.lock\" \"${PODS_ROOT}/Manifest.lock\" > /dev/null\nif [[ $? != 0 ]] ; then\n    cat << EOM\nerror: The sandbox is not in sync with the Podfile.lock. Run 'pod install' or update your CocoaPods installation.\nEOM\n    exit 1\nfi\n";
			showEnvVarsInLog = 0;
		};
		C2BDAC6EFC10C43A9F55B711 /* Embed Pods Frameworks */ = {
			isa = PBXShellScriptBuildPhase;
			buildActionMask = 2147483647;
			files = (
			);
			inputPaths = (
			);
			name = "Embed Pods Frameworks";
			outputPaths = (
			);
			runOnlyForDeploymentPostprocessing = 0;
			shellPath = /bin/sh;
			shellScript = "\"${SRCROOT}/Pods/Target Support Files/Pods/Pods-frameworks.sh\"\n";
			showEnvVarsInLog = 0;
		};
		F58473ED6B66CA6209AEA1AC /* Copy Pods Resources */ = {
			isa = PBXShellScriptBuildPhase;
			buildActionMask = 2147483647;
			files = (
			);
			inputPaths = (
			);
			name = "Copy Pods Resources";
			outputPaths = (
			);
			runOnlyForDeploymentPostprocessing = 0;
			shellPath = /bin/sh;
			shellScript = "\"${SRCROOT}/Pods/Target Support Files/Pods/Pods-resources.sh\"\n";
			showEnvVarsInLog = 0;
		};
/* End PBXShellScriptBuildPhase section */

/* Begin PBXSourcesBuildPhase section */
		F8FEFE001B56479C004FA01C /* Sources */ = {
			isa = PBXSourcesBuildPhase;
			buildActionMask = 2147483647;
			files = (
				F82377BC1BDDE1AB0062603F /* BadgeView.swift in Sources */,
				F823780A1BDDE1AC0062603F /* Teammate.swift in Sources */,
				F823780B1BDDE1AC0062603F /* Teammate+CoreDataProperties.swift in Sources */,
				F86CB0B61BDDEACD007CDD44 /* SmartClass.xcdatamodeld in Sources */,
				F82377C31BDDE1AB0062603F /* CloudAnimateCollectionViewController.swift in Sources */,
				F82377C51BDDE1AB0062603F /* ConfirmationViewController.swift in Sources */,
				F82377B61BDDE1AB0062603F /* AppDelegate.swift in Sources */,
				F82378041BDDE1AC0062603F /* Splash3ViewController.swift in Sources */,
				F82377E41BDDE1AC0062603F /* Member.swift in Sources */,
				F82377CB1BDDE1AB0062603F /* CourseCalendarContainerViewController.swift in Sources */,
				F82377F81BDDE1AC0062603F /* QuestionViewController.swift in Sources */,
				F82378011BDDE1AC0062603F /* Splash0ViewController.swift in Sources */,
				F82377D01BDDE1AB0062603F /* Empty.swift in Sources */,
				F823780F1BDDE1AC0062603F /* User+CoreDataProperties.swift in Sources */,
				F82377D61BDDE1AB0062603F /* GroupViewController.swift in Sources */,
				F82377CF1BDDE1AB0062603F /* CrossDissolveSegue.swift in Sources */,
				F82377E31BDDE1AC0062603F /* MainHomeViewController.swift in Sources */,
				F82377FA1BDDE1AC0062603F /* Quiz+CoreDataProperties.swift in Sources */,
				F82377E61BDDE1AC0062603F /* NavigationController.swift in Sources */,
				F82377B11BDDE1AB0062603F /* AboutUsView.swift in Sources */,
				F82377CD1BDDE1AB0062603F /* CourseDescriptionViewController.swift in Sources */,
				F823780E1BDDE1AC0062603F /* User.swift in Sources */,
				F82378061BDDE1AC0062603F /* SwitcherViewController.swift in Sources */,
				F82378021BDDE1AC0062603F /* Splash1ViewController.swift in Sources */,
				F82377C71BDDE1AB0062603F /* ContentManager.swift in Sources */,
				F82377DD1BDDE1AC0062603F /* LectureTime+CoreDataProperties.swift in Sources */,
				F82378031BDDE1AC0062603F /* Splash2ViewController.swift in Sources */,
				F82377D51BDDE1AB0062603F /* Group+CoreDataProperties.swift in Sources */,
				F82377E51BDDE1AC0062603F /* Member+CoreDataProperties.swift in Sources */,
				F82377CA1BDDE1AB0062603F /* Course+CoreDataProperties.swift in Sources */,
				F823780C1BDDE1AC0062603F /* TeammateViewController.swift in Sources */,
				F82377F61BDDE1AC0062603F /* QuestionContainerViewController.swift in Sources */,
				F82378091BDDE1AC0062603F /* TeacherNames+CoreDataProperties.swift in Sources */,
				F82378071BDDE1AC0062603F /* TabBarController.swift in Sources */,
				F86CB0911BDDE5FD007CDD44 /* iCarousel.m in Sources */,
				F82377D11BDDE1AB0062603F /* FileManager.swift in Sources */,
				F82377D31BDDE1AB0062603F /* GlobalConstants.swift in Sources */,
				F82377F31BDDE1AC0062603F /* ProjectViewController.swift in Sources */,
				F82377C11BDDE1AB0062603F /* ChoiceView.swift in Sources */,
				F82377B31BDDE1AB0062603F /* AboutUsViewController.swift in Sources */,
				F82377F01BDDE1AC0062603F /* Project+CoreDataProperties.swift in Sources */,
				F82377DA1BDDE1AC0062603F /* InvitationContainerViewController.swift in Sources */,
				F82377DF1BDDE1AC0062603F /* LoginContainerViewController.swift in Sources */,
				F82377BA1BDDE1AB0062603F /* AvatarView.swift in Sources */,
				F82377F51BDDE1AC0062603F /* Question+CoreDataProperties.swift in Sources */,
				F82377FE1BDDE1AC0062603F /* SidePanelViewController.swift in Sources */,
				F82377F71BDDE1AC0062603F /* QuestionPageViewController.swift in Sources */,
				F82377F41BDDE1AC0062603F /* Question.swift in Sources */,
				F82377FC1BDDE1AC0062603F /* RefreshContents.swift in Sources */,
				F82377D81BDDE1AB0062603F /* IndexViewController.swift in Sources */,
				F82377FB1BDDE1AC0062603F /* QuizViewController.swift in Sources */,
				F82377E01BDDE1AC0062603F /* LoginPanelViewController.swift in Sources */,
				F82377DE1BDDE1AC0062603F /* Log.swift in Sources */,
				F82377EE1BDDE1AC0062603F /* ProblemViewController.swift in Sources */,
				F82377BF1BDDE1AB0062603F /* Choice.swift in Sources */,
				F82377EC1BDDE1AC0062603F /* Problem.swift in Sources */,
				F82377B71BDDE1AB0062603F /* AttendCourseViewController.swift in Sources */,
				F82377D41BDDE1AB0062603F /* Group.swift in Sources */,
				F82378081BDDE1AC0062603F /* TeacherNames.swift in Sources */,
				F82377B51BDDE1AB0062603F /* Answer+CoreDataProperties.swift in Sources */,
				F82377B91BDDE1AB0062603F /* Avatar+CoreDataProperties.swift in Sources */,
				F82377C01BDDE1AB0062603F /* Choice+CoreDataProperties.swift in Sources */,
				F82377EB1BDDE1AC0062603F /* PreferenceViewController.swift in Sources */,
				F82377C91BDDE1AB0062603F /* Course.swift in Sources */,
				F82377ED1BDDE1AC0062603F /* Problem+CoreDataProperties.swift in Sources */,
				F82377E71BDDE1AC0062603F /* NetworkManager.swift in Sources */,
				F82377CE1BDDE1AB0062603F /* CourseOverviewController.swift in Sources */,
				F82377C41BDDE1AB0062603F /* CloudAnimateTableViewController.swift in Sources */,
				F82377E11BDDE1AC0062603F /* LoginViewController.swift in Sources */,
				F82377EA1BDDE1AC0062603F /* PercentageView.swift in Sources */,
				F82377CC1BDDE1AB0062603F /* CourseCalendarViewController.swift in Sources */,
				F82377DC1BDDE1AC0062603F /* LectureTime.swift in Sources */,
				F82377F11BDDE1AC0062603F /* ProjectContainerViewController.swift in Sources */,
				F82377EF1BDDE1AC0062603F /* Project.swift in Sources */,
				F82377B81BDDE1AB0062603F /* Avatar.swift in Sources */,
				F82377C61BDDE1AB0062603F /* ContainerViewController.swift in Sources */,
				F82377E81BDDE1AC0062603F /* Option.swift in Sources */,
				F82377C81BDDE1AB0062603F /* CoreDataManager.swift in Sources */,
				F82377E91BDDE1AC0062603F /* Option+CoreDataProperties.swift in Sources */,
				F82377D21BDDE1AB0062603F /* FunctionalExtension.swift in Sources */,
				F82378051BDDE1AC0062603F /* SplashViewController.swift in Sources */,
				F82377F91BDDE1AC0062603F /* Quiz.swift in Sources */,
				F82377DB1BDDE1AC0062603F /* InvitationPageViewController.swift in Sources */,
				F82377B41BDDE1AB0062603F /* Answer.swift in Sources */,
				F82377F21BDDE1AC0062603F /* ProjectSwitcherViewController.swift in Sources */,
			);
			runOnlyForDeploymentPostprocessing = 0;
		};
		F8FEFE181B56479C004FA01C /* Sources */ = {
			isa = PBXSourcesBuildPhase;
			buildActionMask = 2147483647;
			files = (
			);
			runOnlyForDeploymentPostprocessing = 0;
		};
/* End PBXSourcesBuildPhase section */

/* Begin PBXTargetDependency section */
		F8FEFE1E1B56479C004FA01C /* PBXTargetDependency */ = {
			isa = PBXTargetDependency;
			target = F8FEFE031B56479C004FA01C /* SmartClass */;
			targetProxy = F8FEFE1D1B56479C004FA01C /* PBXContainerItemProxy */;
		};
/* End PBXTargetDependency section */

/* Begin PBXVariantGroup section */
		F823775C1BDDE1AB0062603F /* LaunchScreen.xib */ = {
			isa = PBXVariantGroup;
			children = (
				F823775D1BDDE1AB0062603F /* Base */,
			);
			name = LaunchScreen.xib;
			sourceTree = "<group>";
		};
/* End PBXVariantGroup section */

/* Begin XCBuildConfiguration section */
		F8FEFE241B56479D004FA01C /* Debug */ = {
			isa = XCBuildConfiguration;
			buildSettings = {
				ALWAYS_SEARCH_USER_PATHS = NO;
				CLANG_CXX_LANGUAGE_STANDARD = "gnu++0x";
				CLANG_CXX_LIBRARY = "libc++";
				CLANG_ENABLE_MODULES = YES;
				CLANG_ENABLE_OBJC_ARC = YES;
				CLANG_WARN_BOOL_CONVERSION = YES;
				CLANG_WARN_CONSTANT_CONVERSION = YES;
				CLANG_WARN_DIRECT_OBJC_ISA_USAGE = YES_ERROR;
				CLANG_WARN_EMPTY_BODY = YES;
				CLANG_WARN_ENUM_CONVERSION = YES;
				CLANG_WARN_INT_CONVERSION = YES;
				CLANG_WARN_OBJC_ROOT_CLASS = YES_ERROR;
				CLANG_WARN_UNREACHABLE_CODE = YES;
				CLANG_WARN__DUPLICATE_METHOD_MATCH = YES;
				"CODE_SIGN_IDENTITY[sdk=iphoneos*]" = "iPhone Developer";
				COPY_PHASE_STRIP = NO;
				DEBUG_INFORMATION_FORMAT = "dwarf-with-dsym";
				ENABLE_STRICT_OBJC_MSGSEND = YES;
				ENABLE_TESTABILITY = YES;
				GCC_C_LANGUAGE_STANDARD = gnu99;
				GCC_DYNAMIC_NO_PIC = NO;
				GCC_NO_COMMON_BLOCKS = YES;
				GCC_OPTIMIZATION_LEVEL = 0;
				GCC_PREPROCESSOR_DEFINITIONS = (
					"DEBUG=1",
					"$(inherited)",
				);
				GCC_SYMBOLS_PRIVATE_EXTERN = NO;
				GCC_WARN_64_TO_32_BIT_CONVERSION = YES;
				GCC_WARN_ABOUT_RETURN_TYPE = YES_ERROR;
				GCC_WARN_UNDECLARED_SELECTOR = YES;
				GCC_WARN_UNINITIALIZED_AUTOS = YES_AGGRESSIVE;
				GCC_WARN_UNUSED_FUNCTION = YES;
				GCC_WARN_UNUSED_VARIABLE = YES;
				IPHONEOS_DEPLOYMENT_TARGET = 9.0;
				MTL_ENABLE_DEBUG_INFO = YES;
				ONLY_ACTIVE_ARCH = YES;
				SDKROOT = iphoneos;
				SWIFT_OPTIMIZATION_LEVEL = "-Onone";
				TARGETED_DEVICE_FAMILY = "1,2";
			};
			name = Debug;
		};
		F8FEFE251B56479D004FA01C /* Release */ = {
			isa = XCBuildConfiguration;
			buildSettings = {
				ALWAYS_SEARCH_USER_PATHS = NO;
				CLANG_CXX_LANGUAGE_STANDARD = "gnu++0x";
				CLANG_CXX_LIBRARY = "libc++";
				CLANG_ENABLE_MODULES = YES;
				CLANG_ENABLE_OBJC_ARC = YES;
				CLANG_WARN_BOOL_CONVERSION = YES;
				CLANG_WARN_CONSTANT_CONVERSION = YES;
				CLANG_WARN_DIRECT_OBJC_ISA_USAGE = YES_ERROR;
				CLANG_WARN_EMPTY_BODY = YES;
				CLANG_WARN_ENUM_CONVERSION = YES;
				CLANG_WARN_INT_CONVERSION = YES;
				CLANG_WARN_OBJC_ROOT_CLASS = YES_ERROR;
				CLANG_WARN_UNREACHABLE_CODE = YES;
				CLANG_WARN__DUPLICATE_METHOD_MATCH = YES;
				"CODE_SIGN_IDENTITY[sdk=iphoneos*]" = "iPhone Developer";
				COPY_PHASE_STRIP = NO;
				DEBUG_INFORMATION_FORMAT = "dwarf-with-dsym";
				ENABLE_NS_ASSERTIONS = NO;
				ENABLE_STRICT_OBJC_MSGSEND = YES;
				GCC_C_LANGUAGE_STANDARD = gnu99;
				GCC_NO_COMMON_BLOCKS = YES;
				GCC_WARN_64_TO_32_BIT_CONVERSION = YES;
				GCC_WARN_ABOUT_RETURN_TYPE = YES_ERROR;
				GCC_WARN_UNDECLARED_SELECTOR = YES;
				GCC_WARN_UNINITIALIZED_AUTOS = YES_AGGRESSIVE;
				GCC_WARN_UNUSED_FUNCTION = YES;
				GCC_WARN_UNUSED_VARIABLE = YES;
				IPHONEOS_DEPLOYMENT_TARGET = 9.0;
				MTL_ENABLE_DEBUG_INFO = NO;
				SDKROOT = iphoneos;
				TARGETED_DEVICE_FAMILY = "1,2";
				VALIDATE_PRODUCT = YES;
			};
			name = Release;
		};
		F8FEFE271B56479D004FA01C /* Debug */ = {
			isa = XCBuildConfiguration;
			baseConfigurationReference = 2FE27DABD4B55913C595CF7A /* Pods.debug.xcconfig */;
			buildSettings = {
				ASSETCATALOG_COMPILER_APPICON_NAME = AppIcon;
				CLANG_ENABLE_MODULES = YES;
				CODE_SIGN_ENTITLEMENTS = SmartClass/SmartClass.entitlements;
				CODE_SIGN_IDENTITY = "iPhone Developer";
				"CODE_SIGN_IDENTITY[sdk=iphoneos*]" = "iPhone Developer";
				INFOPLIST_FILE = "$(SRCROOT)/SmartClass/Info.plist";
				IPHONEOS_DEPLOYMENT_TARGET = 9.0;
				LD_RUNPATH_SEARCH_PATHS = "$(inherited) @executable_path/Frameworks";
				PRODUCT_BUNDLE_IDENTIFIER = cn.edu.pku.netlab.SmartClass;
				PRODUCT_NAME = SmartClass;
				PROVISIONING_PROFILE = "";
				SWIFT_OBJC_BRIDGING_HEADER = "SmartClass/SmartClass-Bridging-Header.h";
				SWIFT_OPTIMIZATION_LEVEL = "-Onone";
				TARGETED_DEVICE_FAMILY = 1;
			};
			name = Debug;
		};
		F8FEFE281B56479D004FA01C /* Release */ = {
			isa = XCBuildConfiguration;
			baseConfigurationReference = E48C1C77427F954CABA1BE93 /* Pods.release.xcconfig */;
			buildSettings = {
				ASSETCATALOG_COMPILER_APPICON_NAME = AppIcon;
				CLANG_ENABLE_MODULES = YES;
				CODE_SIGN_ENTITLEMENTS = SmartClass/SmartClass.entitlements;
				CODE_SIGN_IDENTITY = "iPhone Developer";
				"CODE_SIGN_IDENTITY[sdk=iphoneos*]" = "iPhone Developer";
				INFOPLIST_FILE = "$(SRCROOT)/SmartClass/Info.plist";
				IPHONEOS_DEPLOYMENT_TARGET = 9.0;
				LD_RUNPATH_SEARCH_PATHS = "$(inherited) @executable_path/Frameworks";
				PRODUCT_BUNDLE_IDENTIFIER = cn.edu.pku.netlab.SmartClass;
				PRODUCT_NAME = SmartClass;
				PROVISIONING_PROFILE = "";
				SWIFT_OBJC_BRIDGING_HEADER = "SmartClass/SmartClass-Bridging-Header.h";
				TARGETED_DEVICE_FAMILY = 1;
			};
			name = Release;
		};
		F8FEFE2A1B56479D004FA01C /* Debug */ = {
			isa = XCBuildConfiguration;
			buildSettings = {
				BUNDLE_LOADER = "$(TEST_HOST)";
				FRAMEWORK_SEARCH_PATHS = (
					"$(SDKROOT)/Developer/Library/Frameworks",
					"$(inherited)",
				);
				GCC_PREPROCESSOR_DEFINITIONS = (
					"DEBUG=1",
					"$(inherited)",
				);
				INFOPLIST_FILE = SmartClassTests/Info.plist;
				LD_RUNPATH_SEARCH_PATHS = "$(inherited) @executable_path/Frameworks @loader_path/Frameworks";
				PRODUCT_BUNDLE_IDENTIFIER = "edu.pku.netlab.$(PRODUCT_NAME:rfc1034identifier)";
				PRODUCT_NAME = SmartClass;
				TEST_HOST = "$(BUILT_PRODUCTS_DIR)/SmartClass.app/SmartClass";
			};
			name = Debug;
		};
		F8FEFE2B1B56479D004FA01C /* Release */ = {
			isa = XCBuildConfiguration;
			buildSettings = {
				BUNDLE_LOADER = "$(TEST_HOST)";
				FRAMEWORK_SEARCH_PATHS = (
					"$(SDKROOT)/Developer/Library/Frameworks",
					"$(inherited)",
				);
				INFOPLIST_FILE = SmartClassTests/Info.plist;
				LD_RUNPATH_SEARCH_PATHS = "$(inherited) @executable_path/Frameworks @loader_path/Frameworks";
				PRODUCT_BUNDLE_IDENTIFIER = "edu.pku.netlab.$(PRODUCT_NAME:rfc1034identifier)";
				PRODUCT_NAME = SmartClass;
				TEST_HOST = "$(BUILT_PRODUCTS_DIR)/SmartClass.app/SmartClass";
			};
			name = Release;
		};
/* End XCBuildConfiguration section */

/* Begin XCConfigurationList section */
		F8FEFDFF1B56479C004FA01C /* Build configuration list for PBXProject "SmartClass" */ = {
			isa = XCConfigurationList;
			buildConfigurations = (
				F8FEFE241B56479D004FA01C /* Debug */,
				F8FEFE251B56479D004FA01C /* Release */,
			);
			defaultConfigurationIsVisible = 0;
			defaultConfigurationName = Release;
		};
		F8FEFE261B56479D004FA01C /* Build configuration list for PBXNativeTarget "SmartClass" */ = {
			isa = XCConfigurationList;
			buildConfigurations = (
				F8FEFE271B56479D004FA01C /* Debug */,
				F8FEFE281B56479D004FA01C /* Release */,
			);
			defaultConfigurationIsVisible = 0;
			defaultConfigurationName = Release;
		};
		F8FEFE291B56479D004FA01C /* Build configuration list for PBXNativeTarget "SmartClassTests" */ = {
			isa = XCConfigurationList;
			buildConfigurations = (
				F8FEFE2A1B56479D004FA01C /* Debug */,
				F8FEFE2B1B56479D004FA01C /* Release */,
			);
			defaultConfigurationIsVisible = 0;
			defaultConfigurationName = Release;
		};
/* End XCConfigurationList section */

/* Begin XCVersionGroup section */
		F86CB0B41BDDEACD007CDD44 /* SmartClass.xcdatamodeld */ = {
			isa = XCVersionGroup;
			children = (
				F86CB0B51BDDEACD007CDD44 /* SmarClass.xcdatamodel */,
			);
			currentVersion = F86CB0B51BDDEACD007CDD44 /* SmarClass.xcdatamodel */;
			name = SmartClass.xcdatamodeld;
			path = SmartClass/SmartClass.xcdatamodeld;
			sourceTree = "<group>";
			versionGroupType = wrapper.xcdatamodel;
		};
/* End XCVersionGroup section */
	};
	rootObject = F8FEFDFC1B56479C004FA01C /* Project object */;
}
